
Microsoft Visual Studio Solution File, Format Version 12.00
# Visual Studio 15
VisualStudioVersion = 15.0.26403.7
MinimumVisualStudioVersion = 10.0.40219.1
Project("{2150E333-8FDC-42A3-9474-1A3956D46DE8}") = "Solution Items", "Solution Items", "{53049193-4716-4366-B63A-C03DA51DB863}"
	ProjectSection(SolutionItems) = preProject
		.codeclimate.yml = .codeclimate.yml
		404.md = 404.md
		_config.yml = _config.yml
		appveyor.yml = appveyor.yml
		CHANGELOG.md = CHANGELOG.md
		hmh.Doxyfile = hmh.Doxyfile
		README.md = README.md
		todo.md = todo.md
		UNLICENSE = UNLICENSE
	EndProjectSection
EndProject
Global
	GlobalSection(SolutionProperties) = preSolution
		HideSolutionNode = FALSE
	EndGlobalSection
EndGlobal
